
Microsoft Visual Studio Solution File, Format Version 12.00
# Visual Studio 15
VisualStudioVersion = 15.0.27130.2010
MinimumVisualStudioVersion = 10.0.40219.1
Project("{FAE04EC0-301F-11D3-BF4B-00C04F79EFBC}") = "WindowsTests", "WindowsTests\WindowsTests.csproj", "{A2530C6A-96DB-4432-82B9-30898DAE38A5}"
EndProject
Project("{FAE04EC0-301F-11D3-BF4B-00C04F79EFBC}") = "Predict.Android", "Predict\Predict.Android\Predict.Android.csproj", "{3327C59A-543D-4E4D-8575-8D1783BBE3EF}"
EndProject
Project("{FAE04EC0-301F-11D3-BF4B-00C04F79EFBC}") = "Predict.iOS", "Predict\Predict.iOS\Predict.iOS.csproj", "{7E5BDB48-299B-426B-B82E-25F1A4FF7625}"
EndProject
Project("{FAE04EC0-301F-11D3-BF4B-00C04F79EFBC}") = "Predict.UWP", "Predict\Predict.UWP\Predict.UWP.csproj", "{3A1AFB7C-A894-4091-B419-BB3EFF8E0BB0}"
EndProject
Project("{FAE04EC0-301F-11D3-BF4B-00C04F79EFBC}") = "Predict", "Predict\Predict\Predict.csproj", "{9F4E32E2-45C1-4FF2-B908-EEED1AA645B3}"
EndProject
Global
	GlobalSection(SolutionConfigurationPlatforms) = preSolution
		Ad-Hoc|Any CPU = Ad-Hoc|Any CPU
		Ad-Hoc|ARM = Ad-Hoc|ARM
		Ad-Hoc|iPhone = Ad-Hoc|iPhone
		Ad-Hoc|iPhoneSimulator = Ad-Hoc|iPhoneSimulator
		Ad-Hoc|x64 = Ad-Hoc|x64
		Ad-Hoc|x86 = Ad-Hoc|x86
		AppStore|Any CPU = AppStore|Any CPU
		AppStore|ARM = AppStore|ARM
		AppStore|iPhone = AppStore|iPhone
		AppStore|iPhoneSimulator = AppStore|iPhoneSimulator
		AppStore|x64 = AppStore|x64
		AppStore|x86 = AppStore|x86
		Debug|Any CPU = Debug|Any CPU
		Debug|ARM = Debug|ARM
		Debug|iPhone = Debug|iPhone
		Debug|iPhoneSimulator = Debug|iPhoneSimulator
		Debug|x64 = Debug|x64
		Debug|x86 = Debug|x86
		Release|Any CPU = Release|Any CPU
		Release|ARM = Release|ARM
		Release|iPhone = Release|iPhone
		Release|iPhoneSimulator = Release|iPhoneSimulator
		Release|x64 = Release|x64
		Release|x86 = Release|x86
	EndGlobalSection
	GlobalSection(ProjectConfigurationPlatforms) = postSolution
		{A2530C6A-96DB-4432-82B9-30898DAE38A5}.Ad-Hoc|Any CPU.ActiveCfg = Release|Any CPU
		{A2530C6A-96DB-4432-82B9-30898DAE38A5}.Ad-Hoc|Any CPU.Build.0 = Release|Any CPU
		{A2530C6A-96DB-4432-82B9-30898DAE38A5}.Ad-Hoc|ARM.ActiveCfg = Release|Any CPU
		{A2530C6A-96DB-4432-82B9-30898DAE38A5}.Ad-Hoc|ARM.Build.0 = Release|Any CPU
		{A2530C6A-96DB-4432-82B9-30898DAE38A5}.Ad-Hoc|iPhone.ActiveCfg = Release|Any CPU
		{A2530C6A-96DB-4432-82B9-30898DAE38A5}.Ad-Hoc|iPhone.Build.0 = Release|Any CPU
		{A2530C6A-96DB-4432-82B9-30898DAE38A5}.Ad-Hoc|iPhoneSimulator.ActiveCfg = Release|Any CPU
		{A2530C6A-96DB-4432-82B9-30898DAE38A5}.Ad-Hoc|iPhoneSimulator.Build.0 = Release|Any CPU
		{A2530C6A-96DB-4432-82B9-30898DAE38A5}.Ad-Hoc|x64.ActiveCfg = Release|Any CPU
		{A2530C6A-96DB-4432-82B9-30898DAE38A5}.Ad-Hoc|x64.Build.0 = Release|Any CPU
		{A2530C6A-96DB-4432-82B9-30898DAE38A5}.Ad-Hoc|x86.ActiveCfg = Release|Any CPU
		{A2530C6A-96DB-4432-82B9-30898DAE38A5}.Ad-Hoc|x86.Build.0 = Release|Any CPU
		{A2530C6A-96DB-4432-82B9-30898DAE38A5}.AppStore|Any CPU.ActiveCfg = Release|Any CPU
		{A2530C6A-96DB-4432-82B9-30898DAE38A5}.AppStore|Any CPU.Build.0 = Release|Any CPU
		{A2530C6A-96DB-4432-82B9-30898DAE38A5}.AppStore|ARM.ActiveCfg = Release|Any CPU
		{A2530C6A-96DB-4432-82B9-30898DAE38A5}.AppStore|ARM.Build.0 = Release|Any CPU
		{A2530C6A-96DB-4432-82B9-30898DAE38A5}.AppStore|iPhone.ActiveCfg = Release|Any CPU
		{A2530C6A-96DB-4432-82B9-30898DAE38A5}.AppStore|iPhone.Build.0 = Release|Any CPU
		{A2530C6A-96DB-4432-82B9-30898DAE38A5}.AppStore|iPhoneSimulator.ActiveCfg = Release|Any CPU
		{A2530C6A-96DB-4432-82B9-30898DAE38A5}.AppStore|iPhoneSimulator.Build.0 = Release|Any CPU
		{A2530C6A-96DB-4432-82B9-30898DAE38A5}.AppStore|x64.ActiveCfg = Release|Any CPU
		{A2530C6A-96DB-4432-82B9-30898DAE38A5}.AppStore|x64.Build.0 = Release|Any CPU
		{A2530C6A-96DB-4432-82B9-30898DAE38A5}.AppStore|x86.ActiveCfg = Release|Any CPU
		{A2530C6A-96DB-4432-82B9-30898DAE38A5}.AppStore|x86.Build.0 = Release|Any CPU
		{A2530C6A-96DB-4432-82B9-30898DAE38A5}.Debug|Any CPU.ActiveCfg = Debug|x64
		{A2530C6A-96DB-4432-82B9-30898DAE38A5}.Debug|Any CPU.Build.0 = Debug|x64
		{A2530C6A-96DB-4432-82B9-30898DAE38A5}.Debug|ARM.ActiveCfg = Debug|Any CPU
		{A2530C6A-96DB-4432-82B9-30898DAE38A5}.Debug|ARM.Build.0 = Debug|Any CPU
		{A2530C6A-96DB-4432-82B9-30898DAE38A5}.Debug|iPhone.ActiveCfg = Debug|Any CPU
		{A2530C6A-96DB-4432-82B9-30898DAE38A5}.Debug|iPhone.Build.0 = Debug|Any CPU
		{A2530C6A-96DB-4432-82B9-30898DAE38A5}.Debug|iPhoneSimulator.ActiveCfg = Debug|Any CPU
		{A2530C6A-96DB-4432-82B9-30898DAE38A5}.Debug|iPhoneSimulator.Build.0 = Debug|Any CPU
		{A2530C6A-96DB-4432-82B9-30898DAE38A5}.Debug|x64.ActiveCfg = Debug|Any CPU
		{A2530C6A-96DB-4432-82B9-30898DAE38A5}.Debug|x64.Build.0 = Debug|Any CPU
		{A2530C6A-96DB-4432-82B9-30898DAE38A5}.Debug|x86.ActiveCfg = Debug|Any CPU
		{A2530C6A-96DB-4432-82B9-30898DAE38A5}.Debug|x86.Build.0 = Debug|Any CPU
		{A2530C6A-96DB-4432-82B9-30898DAE38A5}.Release|Any CPU.ActiveCfg = Release|x64
		{A2530C6A-96DB-4432-82B9-30898DAE38A5}.Release|Any CPU.Build.0 = Release|x64
		{A2530C6A-96DB-4432-82B9-30898DAE38A5}.Release|ARM.ActiveCfg = Release|Any CPU
		{A2530C6A-96DB-4432-82B9-30898DAE38A5}.Release|ARM.Build.0 = Release|Any CPU
		{A2530C6A-96DB-4432-82B9-30898DAE38A5}.Release|iPhone.ActiveCfg = Release|Any CPU
		{A2530C6A-96DB-4432-82B9-30898DAE38A5}.Release|iPhone.Build.0 = Release|Any CPU
		{A2530C6A-96DB-4432-82B9-30898DAE38A5}.Release|iPhoneSimulator.ActiveCfg = Release|Any CPU
		{A2530C6A-96DB-4432-82B9-30898DAE38A5}.Release|iPhoneSimulator.Build.0 = Release|Any CPU
		{A2530C6A-96DB-4432-82B9-30898DAE38A5}.Release|x64.ActiveCfg = Release|x64
		{A2530C6A-96DB-4432-82B9-30898DAE38A5}.Release|x64.Build.0 = Release|x64
		{A2530C6A-96DB-4432-82B9-30898DAE38A5}.Release|x86.ActiveCfg = Release|Any CPU
		{A2530C6A-96DB-4432-82B9-30898DAE38A5}.Release|x86.Build.0 = Release|Any CPU
		{3327C59A-543D-4E4D-8575-8D1783BBE3EF}.Ad-Hoc|Any CPU.ActiveCfg = Release|Any CPU
		{3327C59A-543D-4E4D-8575-8D1783BBE3EF}.Ad-Hoc|Any CPU.Build.0 = Release|Any CPU
		{3327C59A-543D-4E4D-8575-8D1783BBE3EF}.Ad-Hoc|Any CPU.Deploy.0 = Release|Any CPU
		{3327C59A-543D-4E4D-8575-8D1783BBE3EF}.Ad-Hoc|ARM.ActiveCfg = Release|Any CPU
		{3327C59A-543D-4E4D-8575-8D1783BBE3EF}.Ad-Hoc|ARM.Build.0 = Release|Any CPU
		{3327C59A-543D-4E4D-8575-8D1783BBE3EF}.Ad-Hoc|ARM.Deploy.0 = Release|Any CPU
		{3327C59A-543D-4E4D-8575-8D1783BBE3EF}.Ad-Hoc|iPhone.ActiveCfg = Release|Any CPU
		{3327C59A-543D-4E4D-8575-8D1783BBE3EF}.Ad-Hoc|iPhone.Build.0 = Release|Any CPU
		{3327C59A-543D-4E4D-8575-8D1783BBE3EF}.Ad-Hoc|iPhone.Deploy.0 = Release|Any CPU
		{3327C59A-543D-4E4D-8575-8D1783BBE3EF}.Ad-Hoc|iPhoneSimulator.ActiveCfg = Release|Any CPU
		{3327C59A-543D-4E4D-8575-8D1783BBE3EF}.Ad-Hoc|iPhoneSimulator.Build.0 = Release|Any CPU
		{3327C59A-543D-4E4D-8575-8D1783BBE3EF}.Ad-Hoc|iPhoneSimulator.Deploy.0 = Release|Any CPU
		{3327C59A-543D-4E4D-8575-8D1783BBE3EF}.Ad-Hoc|x64.ActiveCfg = Release|Any CPU
		{3327C59A-543D-4E4D-8575-8D1783BBE3EF}.Ad-Hoc|x64.Build.0 = Release|Any CPU
		{3327C59A-543D-4E4D-8575-8D1783BBE3EF}.Ad-Hoc|x64.Deploy.0 = Release|Any CPU
		{3327C59A-543D-4E4D-8575-8D1783BBE3EF}.Ad-Hoc|x86.ActiveCfg = Release|Any CPU
		{3327C59A-543D-4E4D-8575-8D1783BBE3EF}.Ad-Hoc|x86.Build.0 = Release|Any CPU
		{3327C59A-543D-4E4D-8575-8D1783BBE3EF}.Ad-Hoc|x86.Deploy.0 = Release|Any CPU
		{3327C59A-543D-4E4D-8575-8D1783BBE3EF}.AppStore|Any CPU.ActiveCfg = Release|Any CPU
		{3327C59A-543D-4E4D-8575-8D1783BBE3EF}.AppStore|Any CPU.Build.0 = Release|Any CPU
		{3327C59A-543D-4E4D-8575-8D1783BBE3EF}.AppStore|Any CPU.Deploy.0 = Release|Any CPU
		{3327C59A-543D-4E4D-8575-8D1783BBE3EF}.AppStore|ARM.ActiveCfg = Release|Any CPU
		{3327C59A-543D-4E4D-8575-8D1783BBE3EF}.AppStore|ARM.Build.0 = Release|Any CPU
		{3327C59A-543D-4E4D-8575-8D1783BBE3EF}.AppStore|ARM.Deploy.0 = Release|Any CPU
		{3327C59A-543D-4E4D-8575-8D1783BBE3EF}.AppStore|iPhone.ActiveCfg = Release|Any CPU
		{3327C59A-543D-4E4D-8575-8D1783BBE3EF}.AppStore|iPhone.Build.0 = Release|Any CPU
		{3327C59A-543D-4E4D-8575-8D1783BBE3EF}.AppStore|iPhone.Deploy.0 = Release|Any CPU
		{3327C59A-543D-4E4D-8575-8D1783BBE3EF}.AppStore|iPhoneSimulator.ActiveCfg = Release|Any CPU
		{3327C59A-543D-4E4D-8575-8D1783BBE3EF}.AppStore|iPhoneSimulator.Build.0 = Release|Any CPU
		{3327C59A-543D-4E4D-8575-8D1783BBE3EF}.AppStore|iPhoneSimulator.Deploy.0 = Release|Any CPU
		{3327C59A-543D-4E4D-8575-8D1783BBE3EF}.AppStore|x64.ActiveCfg = Release|Any CPU
		{3327C59A-543D-4E4D-8575-8D1783BBE3EF}.AppStore|x64.Build.0 = Release|Any CPU
		{3327C59A-543D-4E4D-8575-8D1783BBE3EF}.AppStore|x64.Deploy.0 = Release|Any CPU
		{3327C59A-543D-4E4D-8575-8D1783BBE3EF}.AppStore|x86.ActiveCfg = Release|Any CPU
		{3327C59A-543D-4E4D-8575-8D1783BBE3EF}.AppStore|x86.Build.0 = Release|Any CPU
		{3327C59A-543D-4E4D-8575-8D1783BBE3EF}.AppStore|x86.Deploy.0 = Release|Any CPU
		{3327C59A-543D-4E4D-8575-8D1783BBE3EF}.Debug|Any CPU.ActiveCfg = Debug|Any CPU
		{3327C59A-543D-4E4D-8575-8D1783BBE3EF}.Debug|Any CPU.Build.0 = Debug|Any CPU
		{3327C59A-543D-4E4D-8575-8D1783BBE3EF}.Debug|Any CPU.Deploy.0 = Debug|Any CPU
		{3327C59A-543D-4E4D-8575-8D1783BBE3EF}.Debug|ARM.ActiveCfg = Debug|Any CPU
		{3327C59A-543D-4E4D-8575-8D1783BBE3EF}.Debug|ARM.Build.0 = Debug|Any CPU
		{3327C59A-543D-4E4D-8575-8D1783BBE3EF}.Debug|ARM.Deploy.0 = Debug|Any CPU
		{3327C59A-543D-4E4D-8575-8D1783BBE3EF}.Debug|iPhone.ActiveCfg = Debug|Any CPU
		{3327C59A-543D-4E4D-8575-8D1783BBE3EF}.Debug|iPhone.Build.0 = Debug|Any CPU
		{3327C59A-543D-4E4D-8575-8D1783BBE3EF}.Debug|iPhone.Deploy.0 = Debug|Any CPU
		{3327C59A-543D-4E4D-8575-8D1783BBE3EF}.Debug|iPhoneSimulator.ActiveCfg = Debug|Any CPU
		{3327C59A-543D-4E4D-8575-8D1783BBE3EF}.Debug|iPhoneSimulator.Build.0 = Debug|Any CPU
		{3327C59A-543D-4E4D-8575-8D1783BBE3EF}.Debug|iPhoneSimulator.Deploy.0 = Debug|Any CPU
		{3327C59A-543D-4E4D-8575-8D1783BBE3EF}.Debug|x64.ActiveCfg = Debug|Any CPU
		{3327C59A-543D-4E4D-8575-8D1783BBE3EF}.Debug|x64.Build.0 = Debug|Any CPU
		{3327C59A-543D-4E4D-8575-8D1783BBE3EF}.Debug|x64.Deploy.0 = Debug|Any CPU
		{3327C59A-543D-4E4D-8575-8D1783BBE3EF}.Debug|x86.ActiveCfg = Debug|Any CPU
		{3327C59A-543D-4E4D-8575-8D1783BBE3EF}.Debug|x86.Build.0 = Debug|Any CPU
		{3327C59A-543D-4E4D-8575-8D1783BBE3EF}.Debug|x86.Deploy.0 = Debug|Any CPU
		{3327C59A-543D-4E4D-8575-8D1783BBE3EF}.Release|Any CPU.ActiveCfg = Release|Any CPU
		{3327C59A-543D-4E4D-8575-8D1783BBE3EF}.Release|Any CPU.Build.0 = Release|Any CPU
		{3327C59A-543D-4E4D-8575-8D1783BBE3EF}.Release|Any CPU.Deploy.0 = Release|Any CPU
		{3327C59A-543D-4E4D-8575-8D1783BBE3EF}.Release|ARM.ActiveCfg = Release|Any CPU
		{3327C59A-543D-4E4D-8575-8D1783BBE3EF}.Release|ARM.Build.0 = Release|Any CPU
		{3327C59A-543D-4E4D-8575-8D1783BBE3EF}.Release|ARM.Deploy.0 = Release|Any CPU
		{3327C59A-543D-4E4D-8575-8D1783BBE3EF}.Release|iPhone.ActiveCfg = Release|Any CPU
		{3327C59A-543D-4E4D-8575-8D1783BBE3EF}.Release|iPhone.Build.0 = Release|Any CPU
		{3327C59A-543D-4E4D-8575-8D1783BBE3EF}.Release|iPhone.Deploy.0 = Release|Any CPU
		{3327C59A-543D-4E4D-8575-8D1783BBE3EF}.Release|iPhoneSimulator.ActiveCfg = Release|Any CPU
		{3327C59A-543D-4E4D-8575-8D1783BBE3EF}.Release|iPhoneSimulator.Build.0 = Release|Any CPU
		{3327C59A-543D-4E4D-8575-8D1783BBE3EF}.Release|iPhoneSimulator.Deploy.0 = Release|Any CPU
		{3327C59A-543D-4E4D-8575-8D1783BBE3EF}.Release|x64.ActiveCfg = Release|Any CPU
		{3327C59A-543D-4E4D-8575-8D1783BBE3EF}.Release|x64.Build.0 = Release|Any CPU
		{3327C59A-543D-4E4D-8575-8D1783BBE3EF}.Release|x64.Deploy.0 = Release|Any CPU
		{3327C59A-543D-4E4D-8575-8D1783BBE3EF}.Release|x86.ActiveCfg = Release|Any CPU
		{3327C59A-543D-4E4D-8575-8D1783BBE3EF}.Release|x86.Build.0 = Release|Any CPU
		{3327C59A-543D-4E4D-8575-8D1783BBE3EF}.Release|x86.Deploy.0 = Release|Any CPU
		{7E5BDB48-299B-426B-B82E-25F1A4FF7625}.Ad-Hoc|Any CPU.ActiveCfg = Ad-Hoc|iPhone
		{7E5BDB48-299B-426B-B82E-25F1A4FF7625}.Ad-Hoc|ARM.ActiveCfg = Ad-Hoc|iPhone
		{7E5BDB48-299B-426B-B82E-25F1A4FF7625}.Ad-Hoc|iPhone.ActiveCfg = Ad-Hoc|iPhone
		{7E5BDB48-299B-426B-B82E-25F1A4FF7625}.Ad-Hoc|iPhone.Build.0 = Ad-Hoc|iPhone
		{7E5BDB48-299B-426B-B82E-25F1A4FF7625}.Ad-Hoc|iPhoneSimulator.ActiveCfg = Ad-Hoc|iPhoneSimulator
		{7E5BDB48-299B-426B-B82E-25F1A4FF7625}.Ad-Hoc|iPhoneSimulator.Build.0 = Ad-Hoc|iPhoneSimulator
		{7E5BDB48-299B-426B-B82E-25F1A4FF7625}.Ad-Hoc|x64.ActiveCfg = Ad-Hoc|iPhone
		{7E5BDB48-299B-426B-B82E-25F1A4FF7625}.Ad-Hoc|x86.ActiveCfg = Ad-Hoc|iPhone
		{7E5BDB48-299B-426B-B82E-25F1A4FF7625}.AppStore|Any CPU.ActiveCfg = AppStore|iPhone
		{7E5BDB48-299B-426B-B82E-25F1A4FF7625}.AppStore|ARM.ActiveCfg = AppStore|iPhone
		{7E5BDB48-299B-426B-B82E-25F1A4FF7625}.AppStore|iPhone.ActiveCfg = AppStore|iPhone
		{7E5BDB48-299B-426B-B82E-25F1A4FF7625}.AppStore|iPhone.Build.0 = AppStore|iPhone
		{7E5BDB48-299B-426B-B82E-25F1A4FF7625}.AppStore|iPhoneSimulator.ActiveCfg = AppStore|iPhoneSimulator
		{7E5BDB48-299B-426B-B82E-25F1A4FF7625}.AppStore|iPhoneSimulator.Build.0 = AppStore|iPhoneSimulator
		{7E5BDB48-299B-426B-B82E-25F1A4FF7625}.AppStore|x64.ActiveCfg = AppStore|iPhone
		{7E5BDB48-299B-426B-B82E-25F1A4FF7625}.AppStore|x86.ActiveCfg = AppStore|iPhone
		{7E5BDB48-299B-426B-B82E-25F1A4FF7625}.Debug|Any CPU.ActiveCfg = Debug|iPhone
		{7E5BDB48-299B-426B-B82E-25F1A4FF7625}.Debug|ARM.ActiveCfg = Debug|iPhone
		{7E5BDB48-299B-426B-B82E-25F1A4FF7625}.Debug|iPhone.ActiveCfg = Debug|iPhone
		{7E5BDB48-299B-426B-B82E-25F1A4FF7625}.Debug|iPhone.Build.0 = Debug|iPhone
		{7E5BDB48-299B-426B-B82E-25F1A4FF7625}.Debug|iPhoneSimulator.ActiveCfg = Debug|iPhoneSimulator
		{7E5BDB48-299B-426B-B82E-25F1A4FF7625}.Debug|iPhoneSimulator.Build.0 = Debug|iPhoneSimulator
		{7E5BDB48-299B-426B-B82E-25F1A4FF7625}.Debug|x64.ActiveCfg = Debug|iPhone
		{7E5BDB48-299B-426B-B82E-25F1A4FF7625}.Debug|x86.ActiveCfg = Debug|iPhone
		{7E5BDB48-299B-426B-B82E-25F1A4FF7625}.Release|Any CPU.ActiveCfg = Release|iPhone
		{7E5BDB48-299B-426B-B82E-25F1A4FF7625}.Release|ARM.ActiveCfg = Release|iPhone
		{7E5BDB48-299B-426B-B82E-25F1A4FF7625}.Release|iPhone.ActiveCfg = Release|iPhone
		{7E5BDB48-299B-426B-B82E-25F1A4FF7625}.Release|iPhone.Build.0 = Release|iPhone
		{7E5BDB48-299B-426B-B82E-25F1A4FF7625}.Release|iPhoneSimulator.ActiveCfg = Release|iPhoneSimulator
		{7E5BDB48-299B-426B-B82E-25F1A4FF7625}.Release|iPhoneSimulator.Build.0 = Release|iPhoneSimulator
		{7E5BDB48-299B-426B-B82E-25F1A4FF7625}.Release|x64.ActiveCfg = Release|iPhone
		{7E5BDB48-299B-426B-B82E-25F1A4FF7625}.Release|x86.ActiveCfg = Release|iPhone
		{3A1AFB7C-A894-4091-B419-BB3EFF8E0BB0}.Ad-Hoc|Any CPU.ActiveCfg = Release|x86
		{3A1AFB7C-A894-4091-B419-BB3EFF8E0BB0}.Ad-Hoc|Any CPU.Build.0 = Release|x86
		{3A1AFB7C-A894-4091-B419-BB3EFF8E0BB0}.Ad-Hoc|Any CPU.Deploy.0 = Release|x86
		{3A1AFB7C-A894-4091-B419-BB3EFF8E0BB0}.Ad-Hoc|ARM.ActiveCfg = Release|ARM
		{3A1AFB7C-A894-4091-B419-BB3EFF8E0BB0}.Ad-Hoc|ARM.Build.0 = Release|ARM
		{3A1AFB7C-A894-4091-B419-BB3EFF8E0BB0}.Ad-Hoc|ARM.Deploy.0 = Release|ARM
		{3A1AFB7C-A894-4091-B419-BB3EFF8E0BB0}.Ad-Hoc|iPhone.ActiveCfg = Release|x86
		{3A1AFB7C-A894-4091-B419-BB3EFF8E0BB0}.Ad-Hoc|iPhone.Build.0 = Release|x86
		{3A1AFB7C-A894-4091-B419-BB3EFF8E0BB0}.Ad-Hoc|iPhone.Deploy.0 = Release|x86
		{3A1AFB7C-A894-4091-B419-BB3EFF8E0BB0}.Ad-Hoc|iPhoneSimulator.ActiveCfg = Release|x86
		{3A1AFB7C-A894-4091-B419-BB3EFF8E0BB0}.Ad-Hoc|iPhoneSimulator.Build.0 = Release|x86
		{3A1AFB7C-A894-4091-B419-BB3EFF8E0BB0}.Ad-Hoc|iPhoneSimulator.Deploy.0 = Release|x86
		{3A1AFB7C-A894-4091-B419-BB3EFF8E0BB0}.Ad-Hoc|x64.ActiveCfg = Release|x64
		{3A1AFB7C-A894-4091-B419-BB3EFF8E0BB0}.Ad-Hoc|x64.Build.0 = Release|x64
		{3A1AFB7C-A894-4091-B419-BB3EFF8E0BB0}.Ad-Hoc|x64.Deploy.0 = Release|x64
		{3A1AFB7C-A894-4091-B419-BB3EFF8E0BB0}.Ad-Hoc|x86.ActiveCfg = Release|x86
		{3A1AFB7C-A894-4091-B419-BB3EFF8E0BB0}.Ad-Hoc|x86.Build.0 = Release|x86
		{3A1AFB7C-A894-4091-B419-BB3EFF8E0BB0}.Ad-Hoc|x86.Deploy.0 = Release|x86
		{3A1AFB7C-A894-4091-B419-BB3EFF8E0BB0}.AppStore|Any CPU.ActiveCfg = Release|x86
		{3A1AFB7C-A894-4091-B419-BB3EFF8E0BB0}.AppStore|Any CPU.Build.0 = Release|x86
		{3A1AFB7C-A894-4091-B419-BB3EFF8E0BB0}.AppStore|Any CPU.Deploy.0 = Release|x86
		{3A1AFB7C-A894-4091-B419-BB3EFF8E0BB0}.AppStore|ARM.ActiveCfg = Release|ARM
		{3A1AFB7C-A894-4091-B419-BB3EFF8E0BB0}.AppStore|ARM.Build.0 = Release|ARM
		{3A1AFB7C-A894-4091-B419-BB3EFF8E0BB0}.AppStore|ARM.Deploy.0 = Release|ARM
		{3A1AFB7C-A894-4091-B419-BB3EFF8E0BB0}.AppStore|iPhone.ActiveCfg = Release|x86
		{3A1AFB7C-A894-4091-B419-BB3EFF8E0BB0}.AppStore|iPhone.Build.0 = Release|x86
		{3A1AFB7C-A894-4091-B419-BB3EFF8E0BB0}.AppStore|iPhone.Deploy.0 = Release|x86
		{3A1AFB7C-A894-4091-B419-BB3EFF8E0BB0}.AppStore|iPhoneSimulator.ActiveCfg = Release|x86
		{3A1AFB7C-A894-4091-B419-BB3EFF8E0BB0}.AppStore|iPhoneSimulator.Build.0 = Release|x86
		{3A1AFB7C-A894-4091-B419-BB3EFF8E0BB0}.AppStore|iPhoneSimulator.Deploy.0 = Release|x86
		{3A1AFB7C-A894-4091-B419-BB3EFF8E0BB0}.AppStore|x64.ActiveCfg = Release|x64
		{3A1AFB7C-A894-4091-B419-BB3EFF8E0BB0}.AppStore|x64.Build.0 = Release|x64
		{3A1AFB7C-A894-4091-B419-BB3EFF8E0BB0}.AppStore|x64.Deploy.0 = Release|x64
		{3A1AFB7C-A894-4091-B419-BB3EFF8E0BB0}.AppStore|x86.ActiveCfg = Release|x86
		{3A1AFB7C-A894-4091-B419-BB3EFF8E0BB0}.AppStore|x86.Build.0 = Release|x86
		{3A1AFB7C-A894-4091-B419-BB3EFF8E0BB0}.AppStore|x86.Deploy.0 = Release|x86
		{3A1AFB7C-A894-4091-B419-BB3EFF8E0BB0}.Debug|Any CPU.ActiveCfg = Debug|x86
		{3A1AFB7C-A894-4091-B419-BB3EFF8E0BB0}.Debug|ARM.ActiveCfg = Debug|ARM
		{3A1AFB7C-A894-4091-B419-BB3EFF8E0BB0}.Debug|ARM.Build.0 = Debug|ARM
		{3A1AFB7C-A894-4091-B419-BB3EFF8E0BB0}.Debug|ARM.Deploy.0 = Debug|ARM
		{3A1AFB7C-A894-4091-B419-BB3EFF8E0BB0}.Debug|iPhone.ActiveCfg = Debug|x86
		{3A1AFB7C-A894-4091-B419-BB3EFF8E0BB0}.Debug|iPhoneSimulator.ActiveCfg = Debug|x86
		{3A1AFB7C-A894-4091-B419-BB3EFF8E0BB0}.Debug|x64.ActiveCfg = Debug|x64
		{3A1AFB7C-A894-4091-B419-BB3EFF8E0BB0}.Debug|x64.Build.0 = Debug|x64
		{3A1AFB7C-A894-4091-B419-BB3EFF8E0BB0}.Debug|x64.Deploy.0 = Debug|x64
		{3A1AFB7C-A894-4091-B419-BB3EFF8E0BB0}.Debug|x86.ActiveCfg = Debug|x86
		{3A1AFB7C-A894-4091-B419-BB3EFF8E0BB0}.Debug|x86.Build.0 = Debug|x86
		{3A1AFB7C-A894-4091-B419-BB3EFF8E0BB0}.Debug|x86.Deploy.0 = Debug|x86
		{3A1AFB7C-A894-4091-B419-BB3EFF8E0BB0}.Release|Any CPU.ActiveCfg = Release|x86
		{3A1AFB7C-A894-4091-B419-BB3EFF8E0BB0}.Release|ARM.ActiveCfg = Release|ARM
		{3A1AFB7C-A894-4091-B419-BB3EFF8E0BB0}.Release|ARM.Build.0 = Release|ARM
		{3A1AFB7C-A894-4091-B419-BB3EFF8E0BB0}.Release|ARM.Deploy.0 = Release|ARM
		{3A1AFB7C-A894-4091-B419-BB3EFF8E0BB0}.Release|iPhone.ActiveCfg = Release|x86
		{3A1AFB7C-A894-4091-B419-BB3EFF8E0BB0}.Release|iPhoneSimulator.ActiveCfg = Release|x86
		{3A1AFB7C-A894-4091-B419-BB3EFF8E0BB0}.Release|x64.ActiveCfg = Release|x64
		{3A1AFB7C-A894-4091-B419-BB3EFF8E0BB0}.Release|x64.Build.0 = Release|x64
		{3A1AFB7C-A894-4091-B419-BB3EFF8E0BB0}.Release|x64.Deploy.0 = Release|x64
		{3A1AFB7C-A894-4091-B419-BB3EFF8E0BB0}.Release|x86.ActiveCfg = Release|x86
		{3A1AFB7C-A894-4091-B419-BB3EFF8E0BB0}.Release|x86.Build.0 = Release|x86
		{3A1AFB7C-A894-4091-B419-BB3EFF8E0BB0}.Release|x86.Deploy.0 = Release|x86
		{9F4E32E2-45C1-4FF2-B908-EEED1AA645B3}.Ad-Hoc|Any CPU.ActiveCfg = Debug|Any CPU
		{9F4E32E2-45C1-4FF2-B908-EEED1AA645B3}.Ad-Hoc|Any CPU.Build.0 = Debug|Any CPU
		{9F4E32E2-45C1-4FF2-B908-EEED1AA645B3}.Ad-Hoc|ARM.ActiveCfg = Debug|Any CPU
		{9F4E32E2-45C1-4FF2-B908-EEED1AA645B3}.Ad-Hoc|ARM.Build.0 = Debug|Any CPU
		{9F4E32E2-45C1-4FF2-B908-EEED1AA645B3}.Ad-Hoc|iPhone.ActiveCfg = Debug|Any CPU
		{9F4E32E2-45C1-4FF2-B908-EEED1AA645B3}.Ad-Hoc|iPhone.Build.0 = Debug|Any CPU
		{9F4E32E2-45C1-4FF2-B908-EEED1AA645B3}.Ad-Hoc|iPhoneSimulator.ActiveCfg = Debug|Any CPU
		{9F4E32E2-45C1-4FF2-B908-EEED1AA645B3}.Ad-Hoc|iPhoneSimulator.Build.0 = Debug|Any CPU
		{9F4E32E2-45C1-4FF2-B908-EEED1AA645B3}.Ad-Hoc|x64.ActiveCfg = Debug|Any CPU
		{9F4E32E2-45C1-4FF2-B908-EEED1AA645B3}.Ad-Hoc|x64.Build.0 = Debug|Any CPU
		{9F4E32E2-45C1-4FF2-B908-EEED1AA645B3}.Ad-Hoc|x86.ActiveCfg = Debug|Any CPU
		{9F4E32E2-45C1-4FF2-B908-EEED1AA645B3}.Ad-Hoc|x86.Build.0 = Debug|Any CPU
		{9F4E32E2-45C1-4FF2-B908-EEED1AA645B3}.AppStore|Any CPU.ActiveCfg = Debug|Any CPU
		{9F4E32E2-45C1-4FF2-B908-EEED1AA645B3}.AppStore|Any CPU.Build.0 = Debug|Any CPU
		{9F4E32E2-45C1-4FF2-B908-EEED1AA645B3}.AppStore|ARM.ActiveCfg = Debug|Any CPU
		{9F4E32E2-45C1-4FF2-B908-EEED1AA645B3}.AppStore|ARM.Build.0 = Debug|Any CPU
		{9F4E32E2-45C1-4FF2-B908-EEED1AA645B3}.AppStore|iPhone.ActiveCfg = Debug|Any CPU
		{9F4E32E2-45C1-4FF2-B908-EEED1AA645B3}.AppStore|iPhone.Build.0 = Debug|Any CPU
		{9F4E32E2-45C1-4FF2-B908-EEED1AA645B3}.AppStore|iPhoneSimulator.ActiveCfg = Debug|Any CPU
		{9F4E32E2-45C1-4FF2-B908-EEED1AA645B3}.AppStore|iPhoneSimulator.Build.0 = Debug|Any CPU
		{9F4E32E2-45C1-4FF2-B908-EEED1AA645B3}.AppStore|x64.ActiveCfg = Debug|Any CPU
		{9F4E32E2-45C1-4FF2-B908-EEED1AA645B3}.AppStore|x64.Build.0 = Debug|Any CPU
		{9F4E32E2-45C1-4FF2-B908-EEED1AA645B3}.AppStore|x86.ActiveCfg = Debug|Any CPU
		{9F4E32E2-45C1-4FF2-B908-EEED1AA645B3}.AppStore|x86.Build.0 = Debug|Any CPU
		{9F4E32E2-45C1-4FF2-B908-EEED1AA645B3}.Debug|Any CPU.ActiveCfg = Debug|Any CPU
		{9F4E32E2-45C1-4FF2-B908-EEED1AA645B3}.Debug|Any CPU.Build.0 = Debug|Any CPU
		{9F4E32E2-45C1-4FF2-B908-EEED1AA645B3}.Debug|ARM.ActiveCfg = Debug|Any CPU
		{9F4E32E2-45C1-4FF2-B908-EEED1AA645B3}.Debug|ARM.Build.0 = Debug|Any CPU
		{9F4E32E2-45C1-4FF2-B908-EEED1AA645B3}.Debug|iPhone.ActiveCfg = Debug|Any CPU
		{9F4E32E2-45C1-4FF2-B908-EEED1AA645B3}.Debug|iPhone.Build.0 = Debug|Any CPU
		{9F4E32E2-45C1-4FF2-B908-EEED1AA645B3}.Debug|iPhoneSimulator.ActiveCfg = Debug|Any CPU
		{9F4E32E2-45C1-4FF2-B908-EEED1AA645B3}.Debug|iPhoneSimulator.Build.0 = Debug|Any CPU
		{9F4E32E2-45C1-4FF2-B908-EEED1AA645B3}.Debug|x64.ActiveCfg = Debug|Any CPU
		{9F4E32E2-45C1-4FF2-B908-EEED1AA645B3}.Debug|x64.Build.0 = Debug|Any CPU
		{9F4E32E2-45C1-4FF2-B908-EEED1AA645B3}.Debug|x86.ActiveCfg = Debug|Any CPU
		{9F4E32E2-45C1-4FF2-B908-EEED1AA645B3}.Debug|x86.Build.0 = Debug|Any CPU
		{9F4E32E2-45C1-4FF2-B908-EEED1AA645B3}.Release|Any CPU.ActiveCfg = Release|Any CPU
		{9F4E32E2-45C1-4FF2-B908-EEED1AA645B3}.Release|Any CPU.Build.0 = Release|Any CPU
		{9F4E32E2-45C1-4FF2-B908-EEED1AA645B3}.Release|ARM.ActiveCfg = Release|Any CPU
		{9F4E32E2-45C1-4FF2-B908-EEED1AA645B3}.Release|ARM.Build.0 = Release|Any CPU
		{9F4E32E2-45C1-4FF2-B908-EEED1AA645B3}.Release|iPhone.ActiveCfg = Release|Any CPU
		{9F4E32E2-45C1-4FF2-B908-EEED1AA645B3}.Release|iPhone.Build.0 = Release|Any CPU
		{9F4E32E2-45C1-4FF2-B908-EEED1AA645B3}.Release|iPhoneSimulator.ActiveCfg = Release|Any CPU
		{9F4E32E2-45C1-4FF2-B908-EEED1AA645B3}.Release|iPhoneSimulator.Build.0 = Release|Any CPU
		{9F4E32E2-45C1-4FF2-B908-EEED1AA645B3}.Release|x64.ActiveCfg = Release|Any CPU
		{9F4E32E2-45C1-4FF2-B908-EEED1AA645B3}.Release|x64.Build.0 = Release|Any CPU
		{9F4E32E2-45C1-4FF2-B908-EEED1AA645B3}.Release|x86.ActiveCfg = Release|Any CPU
		{9F4E32E2-45C1-4FF2-B908-EEED1AA645B3}.Release|x86.Build.0 = Release|Any CPU
	EndGlobalSection
	GlobalSection(SolutionProperties) = preSolution
		HideSolutionNode = FALSE
	EndGlobalSection
	GlobalSection(ExtensibilityGlobals) = postSolution
		SolutionGuid = {4393A4E4-8444-473D-B218-C2D91F9637BE}
	EndGlobalSection
EndGlobal
