
Microsoft Visual Studio Solution File, Format Version 12.00
# Visual Studio 15
VisualStudioVersion = 15.0.27130.2010
MinimumVisualStudioVersion = 10.0.40219.1
Project("{FAE04EC0-301F-11D3-BF4B-00C04F79EFBC}") = "WindowsTests", "WindowsTests\WindowsTests.csproj", "{A2530C6A-96DB-4432-82B9-30898DAE38A5}"
EndProject
Project("{FAE04EC0-301F-11D3-BF4B-00C04F79EFBC}") = "Predict", "Predict\Predict.csproj", "{46AE87EB-791B-4126-B43F-CE304498A7E6}"
EndProject
Project("{FAE04EC0-301F-11D3-BF4B-00C04F79EFBC}") = "Predict.Android", "Predict.Android\Predict.Android.csproj", "{BE6A5A58-1321-424B-9353-829AF7215938}"
EndProject
Project("{FAE04EC0-301F-11D3-BF4B-00C04F79EFBC}") = "Predict.UWP", "Predict.UWP\Predict.UWP.csproj", "{97F3C755-399E-4350-874F-8DB65AD9129B}"
EndProject
Project("{FAE04EC0-301F-11D3-BF4B-00C04F79EFBC}") = "Predict.iOS", "Predict.iOS\Predict.iOS.csproj", "{5BC4C9C6-5B3F-4AE6-B9EF-34C5372A0881}"
EndProject
Global
	GlobalSection(SolutionConfigurationPlatforms) = preSolution
		Ad-Hoc|Any CPU = Ad-Hoc|Any CPU
		Ad-Hoc|ARM = Ad-Hoc|ARM
		Ad-Hoc|iPhone = Ad-Hoc|iPhone
		Ad-Hoc|iPhoneSimulator = Ad-Hoc|iPhoneSimulator
		Ad-Hoc|x64 = Ad-Hoc|x64
		Ad-Hoc|x86 = Ad-Hoc|x86
		AppStore|Any CPU = AppStore|Any CPU
		AppStore|ARM = AppStore|ARM
		AppStore|iPhone = AppStore|iPhone
		AppStore|iPhoneSimulator = AppStore|iPhoneSimulator
		AppStore|x64 = AppStore|x64
		AppStore|x86 = AppStore|x86
		Debug|Any CPU = Debug|Any CPU
		Debug|ARM = Debug|ARM
		Debug|iPhone = Debug|iPhone
		Debug|iPhoneSimulator = Debug|iPhoneSimulator
		Debug|x64 = Debug|x64
		Debug|x86 = Debug|x86
		Release|Any CPU = Release|Any CPU
		Release|ARM = Release|ARM
		Release|iPhone = Release|iPhone
		Release|iPhoneSimulator = Release|iPhoneSimulator
		Release|x64 = Release|x64
		Release|x86 = Release|x86
	EndGlobalSection
	GlobalSection(ProjectConfigurationPlatforms) = postSolution
		{A2530C6A-96DB-4432-82B9-30898DAE38A5}.Ad-Hoc|Any CPU.ActiveCfg = Release|Any CPU
		{A2530C6A-96DB-4432-82B9-30898DAE38A5}.Ad-Hoc|Any CPU.Build.0 = Release|Any CPU
		{A2530C6A-96DB-4432-82B9-30898DAE38A5}.Ad-Hoc|ARM.ActiveCfg = Release|Any CPU
		{A2530C6A-96DB-4432-82B9-30898DAE38A5}.Ad-Hoc|ARM.Build.0 = Release|Any CPU
		{A2530C6A-96DB-4432-82B9-30898DAE38A5}.Ad-Hoc|iPhone.ActiveCfg = Release|Any CPU
		{A2530C6A-96DB-4432-82B9-30898DAE38A5}.Ad-Hoc|iPhone.Build.0 = Release|Any CPU
		{A2530C6A-96DB-4432-82B9-30898DAE38A5}.Ad-Hoc|iPhoneSimulator.ActiveCfg = Release|Any CPU
		{A2530C6A-96DB-4432-82B9-30898DAE38A5}.Ad-Hoc|iPhoneSimulator.Build.0 = Release|Any CPU
		{A2530C6A-96DB-4432-82B9-30898DAE38A5}.Ad-Hoc|x64.ActiveCfg = Release|Any CPU
		{A2530C6A-96DB-4432-82B9-30898DAE38A5}.Ad-Hoc|x64.Build.0 = Release|Any CPU
		{A2530C6A-96DB-4432-82B9-30898DAE38A5}.Ad-Hoc|x86.ActiveCfg = Release|Any CPU
		{A2530C6A-96DB-4432-82B9-30898DAE38A5}.Ad-Hoc|x86.Build.0 = Release|Any CPU
		{A2530C6A-96DB-4432-82B9-30898DAE38A5}.AppStore|Any CPU.ActiveCfg = Release|Any CPU
		{A2530C6A-96DB-4432-82B9-30898DAE38A5}.AppStore|Any CPU.Build.0 = Release|Any CPU
		{A2530C6A-96DB-4432-82B9-30898DAE38A5}.AppStore|ARM.ActiveCfg = Release|Any CPU
		{A2530C6A-96DB-4432-82B9-30898DAE38A5}.AppStore|ARM.Build.0 = Release|Any CPU
		{A2530C6A-96DB-4432-82B9-30898DAE38A5}.AppStore|iPhone.ActiveCfg = Release|Any CPU
		{A2530C6A-96DB-4432-82B9-30898DAE38A5}.AppStore|iPhone.Build.0 = Release|Any CPU
		{A2530C6A-96DB-4432-82B9-30898DAE38A5}.AppStore|iPhoneSimulator.ActiveCfg = Release|Any CPU
		{A2530C6A-96DB-4432-82B9-30898DAE38A5}.AppStore|iPhoneSimulator.Build.0 = Release|Any CPU
		{A2530C6A-96DB-4432-82B9-30898DAE38A5}.AppStore|x64.ActiveCfg = Release|Any CPU
		{A2530C6A-96DB-4432-82B9-30898DAE38A5}.AppStore|x64.Build.0 = Release|Any CPU
		{A2530C6A-96DB-4432-82B9-30898DAE38A5}.AppStore|x86.ActiveCfg = Release|Any CPU
		{A2530C6A-96DB-4432-82B9-30898DAE38A5}.AppStore|x86.Build.0 = Release|Any CPU
		{A2530C6A-96DB-4432-82B9-30898DAE38A5}.Debug|Any CPU.ActiveCfg = Debug|x64
		{A2530C6A-96DB-4432-82B9-30898DAE38A5}.Debug|Any CPU.Build.0 = Debug|x64
		{A2530C6A-96DB-4432-82B9-30898DAE38A5}.Debug|ARM.ActiveCfg = Debug|Any CPU
		{A2530C6A-96DB-4432-82B9-30898DAE38A5}.Debug|ARM.Build.0 = Debug|Any CPU
		{A2530C6A-96DB-4432-82B9-30898DAE38A5}.Debug|iPhone.ActiveCfg = Debug|Any CPU
		{A2530C6A-96DB-4432-82B9-30898DAE38A5}.Debug|iPhone.Build.0 = Debug|Any CPU
		{A2530C6A-96DB-4432-82B9-30898DAE38A5}.Debug|iPhoneSimulator.ActiveCfg = Debug|Any CPU
		{A2530C6A-96DB-4432-82B9-30898DAE38A5}.Debug|iPhoneSimulator.Build.0 = Debug|Any CPU
		{A2530C6A-96DB-4432-82B9-30898DAE38A5}.Debug|x64.ActiveCfg = Debug|Any CPU
		{A2530C6A-96DB-4432-82B9-30898DAE38A5}.Debug|x64.Build.0 = Debug|Any CPU
		{A2530C6A-96DB-4432-82B9-30898DAE38A5}.Debug|x86.ActiveCfg = Debug|Any CPU
		{A2530C6A-96DB-4432-82B9-30898DAE38A5}.Debug|x86.Build.0 = Debug|Any CPU
		{A2530C6A-96DB-4432-82B9-30898DAE38A5}.Release|Any CPU.ActiveCfg = Release|x64
		{A2530C6A-96DB-4432-82B9-30898DAE38A5}.Release|Any CPU.Build.0 = Release|x64
		{A2530C6A-96DB-4432-82B9-30898DAE38A5}.Release|ARM.ActiveCfg = Release|Any CPU
		{A2530C6A-96DB-4432-82B9-30898DAE38A5}.Release|ARM.Build.0 = Release|Any CPU
		{A2530C6A-96DB-4432-82B9-30898DAE38A5}.Release|iPhone.ActiveCfg = Release|Any CPU
		{A2530C6A-96DB-4432-82B9-30898DAE38A5}.Release|iPhone.Build.0 = Release|Any CPU
		{A2530C6A-96DB-4432-82B9-30898DAE38A5}.Release|iPhoneSimulator.ActiveCfg = Release|Any CPU
		{A2530C6A-96DB-4432-82B9-30898DAE38A5}.Release|iPhoneSimulator.Build.0 = Release|Any CPU
		{A2530C6A-96DB-4432-82B9-30898DAE38A5}.Release|x64.ActiveCfg = Release|x64
		{A2530C6A-96DB-4432-82B9-30898DAE38A5}.Release|x64.Build.0 = Release|x64
		{A2530C6A-96DB-4432-82B9-30898DAE38A5}.Release|x86.ActiveCfg = Release|Any CPU
		{A2530C6A-96DB-4432-82B9-30898DAE38A5}.Release|x86.Build.0 = Release|Any CPU
		{46AE87EB-791B-4126-B43F-CE304498A7E6}.Ad-Hoc|Any CPU.ActiveCfg = Release|Any CPU
		{46AE87EB-791B-4126-B43F-CE304498A7E6}.Ad-Hoc|Any CPU.Build.0 = Release|Any CPU
		{46AE87EB-791B-4126-B43F-CE304498A7E6}.Ad-Hoc|ARM.ActiveCfg = Release|Any CPU
		{46AE87EB-791B-4126-B43F-CE304498A7E6}.Ad-Hoc|ARM.Build.0 = Release|Any CPU
		{46AE87EB-791B-4126-B43F-CE304498A7E6}.Ad-Hoc|iPhone.ActiveCfg = Release|Any CPU
		{46AE87EB-791B-4126-B43F-CE304498A7E6}.Ad-Hoc|iPhone.Build.0 = Release|Any CPU
		{46AE87EB-791B-4126-B43F-CE304498A7E6}.Ad-Hoc|iPhoneSimulator.ActiveCfg = Release|Any CPU
		{46AE87EB-791B-4126-B43F-CE304498A7E6}.Ad-Hoc|iPhoneSimulator.Build.0 = Release|Any CPU
		{46AE87EB-791B-4126-B43F-CE304498A7E6}.Ad-Hoc|x64.ActiveCfg = Release|Any CPU
		{46AE87EB-791B-4126-B43F-CE304498A7E6}.Ad-Hoc|x64.Build.0 = Release|Any CPU
		{46AE87EB-791B-4126-B43F-CE304498A7E6}.Ad-Hoc|x86.ActiveCfg = Release|Any CPU
		{46AE87EB-791B-4126-B43F-CE304498A7E6}.Ad-Hoc|x86.Build.0 = Release|Any CPU
		{46AE87EB-791B-4126-B43F-CE304498A7E6}.AppStore|Any CPU.ActiveCfg = Release|Any CPU
		{46AE87EB-791B-4126-B43F-CE304498A7E6}.AppStore|Any CPU.Build.0 = Release|Any CPU
		{46AE87EB-791B-4126-B43F-CE304498A7E6}.AppStore|ARM.ActiveCfg = Release|Any CPU
		{46AE87EB-791B-4126-B43F-CE304498A7E6}.AppStore|ARM.Build.0 = Release|Any CPU
		{46AE87EB-791B-4126-B43F-CE304498A7E6}.AppStore|iPhone.ActiveCfg = Release|Any CPU
		{46AE87EB-791B-4126-B43F-CE304498A7E6}.AppStore|iPhone.Build.0 = Release|Any CPU
		{46AE87EB-791B-4126-B43F-CE304498A7E6}.AppStore|iPhoneSimulator.ActiveCfg = Release|Any CPU
		{46AE87EB-791B-4126-B43F-CE304498A7E6}.AppStore|iPhoneSimulator.Build.0 = Release|Any CPU
		{46AE87EB-791B-4126-B43F-CE304498A7E6}.AppStore|x64.ActiveCfg = Release|Any CPU
		{46AE87EB-791B-4126-B43F-CE304498A7E6}.AppStore|x64.Build.0 = Release|Any CPU
		{46AE87EB-791B-4126-B43F-CE304498A7E6}.AppStore|x86.ActiveCfg = Release|Any CPU
		{46AE87EB-791B-4126-B43F-CE304498A7E6}.AppStore|x86.Build.0 = Release|Any CPU
		{46AE87EB-791B-4126-B43F-CE304498A7E6}.Debug|Any CPU.ActiveCfg = Debug|Any CPU
		{46AE87EB-791B-4126-B43F-CE304498A7E6}.Debug|Any CPU.Build.0 = Debug|Any CPU
		{46AE87EB-791B-4126-B43F-CE304498A7E6}.Debug|ARM.ActiveCfg = Debug|Any CPU
		{46AE87EB-791B-4126-B43F-CE304498A7E6}.Debug|ARM.Build.0 = Debug|Any CPU
		{46AE87EB-791B-4126-B43F-CE304498A7E6}.Debug|iPhone.ActiveCfg = Debug|Any CPU
		{46AE87EB-791B-4126-B43F-CE304498A7E6}.Debug|iPhone.Build.0 = Debug|Any CPU
		{46AE87EB-791B-4126-B43F-CE304498A7E6}.Debug|iPhoneSimulator.ActiveCfg = Debug|Any CPU
		{46AE87EB-791B-4126-B43F-CE304498A7E6}.Debug|iPhoneSimulator.Build.0 = Debug|Any CPU
		{46AE87EB-791B-4126-B43F-CE304498A7E6}.Debug|x64.ActiveCfg = Debug|Any CPU
		{46AE87EB-791B-4126-B43F-CE304498A7E6}.Debug|x64.Build.0 = Debug|Any CPU
		{46AE87EB-791B-4126-B43F-CE304498A7E6}.Debug|x86.ActiveCfg = Debug|Any CPU
		{46AE87EB-791B-4126-B43F-CE304498A7E6}.Debug|x86.Build.0 = Debug|Any CPU
		{46AE87EB-791B-4126-B43F-CE304498A7E6}.Release|Any CPU.ActiveCfg = Release|Any CPU
		{46AE87EB-791B-4126-B43F-CE304498A7E6}.Release|Any CPU.Build.0 = Release|Any CPU
		{46AE87EB-791B-4126-B43F-CE304498A7E6}.Release|ARM.ActiveCfg = Release|Any CPU
		{46AE87EB-791B-4126-B43F-CE304498A7E6}.Release|ARM.Build.0 = Release|Any CPU
		{46AE87EB-791B-4126-B43F-CE304498A7E6}.Release|iPhone.ActiveCfg = Release|Any CPU
		{46AE87EB-791B-4126-B43F-CE304498A7E6}.Release|iPhone.Build.0 = Release|Any CPU
		{46AE87EB-791B-4126-B43F-CE304498A7E6}.Release|iPhoneSimulator.ActiveCfg = Release|Any CPU
		{46AE87EB-791B-4126-B43F-CE304498A7E6}.Release|iPhoneSimulator.Build.0 = Release|Any CPU
		{46AE87EB-791B-4126-B43F-CE304498A7E6}.Release|x64.ActiveCfg = Release|Any CPU
		{46AE87EB-791B-4126-B43F-CE304498A7E6}.Release|x64.Build.0 = Release|Any CPU
		{46AE87EB-791B-4126-B43F-CE304498A7E6}.Release|x86.ActiveCfg = Release|Any CPU
		{46AE87EB-791B-4126-B43F-CE304498A7E6}.Release|x86.Build.0 = Release|Any CPU
		{BE6A5A58-1321-424B-9353-829AF7215938}.Ad-Hoc|Any CPU.ActiveCfg = Release|Any CPU
		{BE6A5A58-1321-424B-9353-829AF7215938}.Ad-Hoc|Any CPU.Build.0 = Release|Any CPU
		{BE6A5A58-1321-424B-9353-829AF7215938}.Ad-Hoc|Any CPU.Deploy.0 = Release|Any CPU
		{BE6A5A58-1321-424B-9353-829AF7215938}.Ad-Hoc|ARM.ActiveCfg = Release|Any CPU
		{BE6A5A58-1321-424B-9353-829AF7215938}.Ad-Hoc|ARM.Build.0 = Release|Any CPU
		{BE6A5A58-1321-424B-9353-829AF7215938}.Ad-Hoc|ARM.Deploy.0 = Release|Any CPU
		{BE6A5A58-1321-424B-9353-829AF7215938}.Ad-Hoc|iPhone.ActiveCfg = Release|Any CPU
		{BE6A5A58-1321-424B-9353-829AF7215938}.Ad-Hoc|iPhone.Build.0 = Release|Any CPU
		{BE6A5A58-1321-424B-9353-829AF7215938}.Ad-Hoc|iPhone.Deploy.0 = Release|Any CPU
		{BE6A5A58-1321-424B-9353-829AF7215938}.Ad-Hoc|iPhoneSimulator.ActiveCfg = Release|Any CPU
		{BE6A5A58-1321-424B-9353-829AF7215938}.Ad-Hoc|iPhoneSimulator.Build.0 = Release|Any CPU
		{BE6A5A58-1321-424B-9353-829AF7215938}.Ad-Hoc|iPhoneSimulator.Deploy.0 = Release|Any CPU
		{BE6A5A58-1321-424B-9353-829AF7215938}.Ad-Hoc|x64.ActiveCfg = Release|Any CPU
		{BE6A5A58-1321-424B-9353-829AF7215938}.Ad-Hoc|x64.Build.0 = Release|Any CPU
		{BE6A5A58-1321-424B-9353-829AF7215938}.Ad-Hoc|x64.Deploy.0 = Release|Any CPU
		{BE6A5A58-1321-424B-9353-829AF7215938}.Ad-Hoc|x86.ActiveCfg = Release|Any CPU
		{BE6A5A58-1321-424B-9353-829AF7215938}.Ad-Hoc|x86.Build.0 = Release|Any CPU
		{BE6A5A58-1321-424B-9353-829AF7215938}.Ad-Hoc|x86.Deploy.0 = Release|Any CPU
		{BE6A5A58-1321-424B-9353-829AF7215938}.AppStore|Any CPU.ActiveCfg = Release|Any CPU
		{BE6A5A58-1321-424B-9353-829AF7215938}.AppStore|Any CPU.Build.0 = Release|Any CPU
		{BE6A5A58-1321-424B-9353-829AF7215938}.AppStore|Any CPU.Deploy.0 = Release|Any CPU
		{BE6A5A58-1321-424B-9353-829AF7215938}.AppStore|ARM.ActiveCfg = Release|Any CPU
		{BE6A5A58-1321-424B-9353-829AF7215938}.AppStore|ARM.Build.0 = Release|Any CPU
		{BE6A5A58-1321-424B-9353-829AF7215938}.AppStore|ARM.Deploy.0 = Release|Any CPU
		{BE6A5A58-1321-424B-9353-829AF7215938}.AppStore|iPhone.ActiveCfg = Release|Any CPU
		{BE6A5A58-1321-424B-9353-829AF7215938}.AppStore|iPhone.Build.0 = Release|Any CPU
		{BE6A5A58-1321-424B-9353-829AF7215938}.AppStore|iPhone.Deploy.0 = Release|Any CPU
		{BE6A5A58-1321-424B-9353-829AF7215938}.AppStore|iPhoneSimulator.ActiveCfg = Release|Any CPU
		{BE6A5A58-1321-424B-9353-829AF7215938}.AppStore|iPhoneSimulator.Build.0 = Release|Any CPU
		{BE6A5A58-1321-424B-9353-829AF7215938}.AppStore|iPhoneSimulator.Deploy.0 = Release|Any CPU
		{BE6A5A58-1321-424B-9353-829AF7215938}.AppStore|x64.ActiveCfg = Release|Any CPU
		{BE6A5A58-1321-424B-9353-829AF7215938}.AppStore|x64.Build.0 = Release|Any CPU
		{BE6A5A58-1321-424B-9353-829AF7215938}.AppStore|x64.Deploy.0 = Release|Any CPU
		{BE6A5A58-1321-424B-9353-829AF7215938}.AppStore|x86.ActiveCfg = Release|Any CPU
		{BE6A5A58-1321-424B-9353-829AF7215938}.AppStore|x86.Build.0 = Release|Any CPU
		{BE6A5A58-1321-424B-9353-829AF7215938}.AppStore|x86.Deploy.0 = Release|Any CPU
		{BE6A5A58-1321-424B-9353-829AF7215938}.Debug|Any CPU.ActiveCfg = Debug|Any CPU
		{BE6A5A58-1321-424B-9353-829AF7215938}.Debug|Any CPU.Build.0 = Debug|Any CPU
		{BE6A5A58-1321-424B-9353-829AF7215938}.Debug|Any CPU.Deploy.0 = Debug|Any CPU
		{BE6A5A58-1321-424B-9353-829AF7215938}.Debug|ARM.ActiveCfg = Debug|Any CPU
		{BE6A5A58-1321-424B-9353-829AF7215938}.Debug|ARM.Build.0 = Debug|Any CPU
		{BE6A5A58-1321-424B-9353-829AF7215938}.Debug|ARM.Deploy.0 = Debug|Any CPU
		{BE6A5A58-1321-424B-9353-829AF7215938}.Debug|iPhone.ActiveCfg = Debug|Any CPU
		{BE6A5A58-1321-424B-9353-829AF7215938}.Debug|iPhone.Build.0 = Debug|Any CPU
		{BE6A5A58-1321-424B-9353-829AF7215938}.Debug|iPhone.Deploy.0 = Debug|Any CPU
		{BE6A5A58-1321-424B-9353-829AF7215938}.Debug|iPhoneSimulator.ActiveCfg = Debug|Any CPU
		{BE6A5A58-1321-424B-9353-829AF7215938}.Debug|iPhoneSimulator.Build.0 = Debug|Any CPU
		{BE6A5A58-1321-424B-9353-829AF7215938}.Debug|iPhoneSimulator.Deploy.0 = Debug|Any CPU
		{BE6A5A58-1321-424B-9353-829AF7215938}.Debug|x64.ActiveCfg = Debug|Any CPU
		{BE6A5A58-1321-424B-9353-829AF7215938}.Debug|x64.Build.0 = Debug|Any CPU
		{BE6A5A58-1321-424B-9353-829AF7215938}.Debug|x64.Deploy.0 = Debug|Any CPU
		{BE6A5A58-1321-424B-9353-829AF7215938}.Debug|x86.ActiveCfg = Debug|Any CPU
		{BE6A5A58-1321-424B-9353-829AF7215938}.Debug|x86.Build.0 = Debug|Any CPU
		{BE6A5A58-1321-424B-9353-829AF7215938}.Debug|x86.Deploy.0 = Debug|Any CPU
		{BE6A5A58-1321-424B-9353-829AF7215938}.Release|Any CPU.ActiveCfg = Release|Any CPU
		{BE6A5A58-1321-424B-9353-829AF7215938}.Release|Any CPU.Build.0 = Release|Any CPU
		{BE6A5A58-1321-424B-9353-829AF7215938}.Release|Any CPU.Deploy.0 = Release|Any CPU
		{BE6A5A58-1321-424B-9353-829AF7215938}.Release|ARM.ActiveCfg = Release|Any CPU
		{BE6A5A58-1321-424B-9353-829AF7215938}.Release|ARM.Build.0 = Release|Any CPU
		{BE6A5A58-1321-424B-9353-829AF7215938}.Release|ARM.Deploy.0 = Release|Any CPU
		{BE6A5A58-1321-424B-9353-829AF7215938}.Release|iPhone.ActiveCfg = Release|Any CPU
		{BE6A5A58-1321-424B-9353-829AF7215938}.Release|iPhone.Build.0 = Release|Any CPU
		{BE6A5A58-1321-424B-9353-829AF7215938}.Release|iPhone.Deploy.0 = Release|Any CPU
		{BE6A5A58-1321-424B-9353-829AF7215938}.Release|iPhoneSimulator.ActiveCfg = Release|Any CPU
		{BE6A5A58-1321-424B-9353-829AF7215938}.Release|iPhoneSimulator.Build.0 = Release|Any CPU
		{BE6A5A58-1321-424B-9353-829AF7215938}.Release|iPhoneSimulator.Deploy.0 = Release|Any CPU
		{BE6A5A58-1321-424B-9353-829AF7215938}.Release|x64.ActiveCfg = Release|Any CPU
		{BE6A5A58-1321-424B-9353-829AF7215938}.Release|x64.Build.0 = Release|Any CPU
		{BE6A5A58-1321-424B-9353-829AF7215938}.Release|x64.Deploy.0 = Release|Any CPU
		{BE6A5A58-1321-424B-9353-829AF7215938}.Release|x86.ActiveCfg = Release|Any CPU
		{BE6A5A58-1321-424B-9353-829AF7215938}.Release|x86.Build.0 = Release|Any CPU
		{BE6A5A58-1321-424B-9353-829AF7215938}.Release|x86.Deploy.0 = Release|Any CPU
		{97F3C755-399E-4350-874F-8DB65AD9129B}.Ad-Hoc|Any CPU.ActiveCfg = Release|x86
		{97F3C755-399E-4350-874F-8DB65AD9129B}.Ad-Hoc|Any CPU.Build.0 = Release|x86
		{97F3C755-399E-4350-874F-8DB65AD9129B}.Ad-Hoc|Any CPU.Deploy.0 = Release|x86
		{97F3C755-399E-4350-874F-8DB65AD9129B}.Ad-Hoc|ARM.ActiveCfg = Release|ARM
		{97F3C755-399E-4350-874F-8DB65AD9129B}.Ad-Hoc|ARM.Build.0 = Release|ARM
		{97F3C755-399E-4350-874F-8DB65AD9129B}.Ad-Hoc|ARM.Deploy.0 = Release|ARM
		{97F3C755-399E-4350-874F-8DB65AD9129B}.Ad-Hoc|iPhone.ActiveCfg = Release|x86
		{97F3C755-399E-4350-874F-8DB65AD9129B}.Ad-Hoc|iPhone.Build.0 = Release|x86
		{97F3C755-399E-4350-874F-8DB65AD9129B}.Ad-Hoc|iPhone.Deploy.0 = Release|x86
		{97F3C755-399E-4350-874F-8DB65AD9129B}.Ad-Hoc|iPhoneSimulator.ActiveCfg = Release|x86
		{97F3C755-399E-4350-874F-8DB65AD9129B}.Ad-Hoc|iPhoneSimulator.Build.0 = Release|x86
		{97F3C755-399E-4350-874F-8DB65AD9129B}.Ad-Hoc|iPhoneSimulator.Deploy.0 = Release|x86
		{97F3C755-399E-4350-874F-8DB65AD9129B}.Ad-Hoc|x64.ActiveCfg = Release|x64
		{97F3C755-399E-4350-874F-8DB65AD9129B}.Ad-Hoc|x64.Build.0 = Release|x64
		{97F3C755-399E-4350-874F-8DB65AD9129B}.Ad-Hoc|x64.Deploy.0 = Release|x64
		{97F3C755-399E-4350-874F-8DB65AD9129B}.Ad-Hoc|x86.ActiveCfg = Release|x86
		{97F3C755-399E-4350-874F-8DB65AD9129B}.Ad-Hoc|x86.Build.0 = Release|x86
		{97F3C755-399E-4350-874F-8DB65AD9129B}.Ad-Hoc|x86.Deploy.0 = Release|x86
		{97F3C755-399E-4350-874F-8DB65AD9129B}.AppStore|Any CPU.ActiveCfg = Release|x86
		{97F3C755-399E-4350-874F-8DB65AD9129B}.AppStore|Any CPU.Build.0 = Release|x86
		{97F3C755-399E-4350-874F-8DB65AD9129B}.AppStore|Any CPU.Deploy.0 = Release|x86
		{97F3C755-399E-4350-874F-8DB65AD9129B}.AppStore|ARM.ActiveCfg = Release|ARM
		{97F3C755-399E-4350-874F-8DB65AD9129B}.AppStore|ARM.Build.0 = Release|ARM
		{97F3C755-399E-4350-874F-8DB65AD9129B}.AppStore|ARM.Deploy.0 = Release|ARM
		{97F3C755-399E-4350-874F-8DB65AD9129B}.AppStore|iPhone.ActiveCfg = Release|x86
		{97F3C755-399E-4350-874F-8DB65AD9129B}.AppStore|iPhone.Build.0 = Release|x86
		{97F3C755-399E-4350-874F-8DB65AD9129B}.AppStore|iPhone.Deploy.0 = Release|x86
		{97F3C755-399E-4350-874F-8DB65AD9129B}.AppStore|iPhoneSimulator.ActiveCfg = Release|x86
		{97F3C755-399E-4350-874F-8DB65AD9129B}.AppStore|iPhoneSimulator.Build.0 = Release|x86
		{97F3C755-399E-4350-874F-8DB65AD9129B}.AppStore|iPhoneSimulator.Deploy.0 = Release|x86
		{97F3C755-399E-4350-874F-8DB65AD9129B}.AppStore|x64.ActiveCfg = Release|x64
		{97F3C755-399E-4350-874F-8DB65AD9129B}.AppStore|x64.Build.0 = Release|x64
		{97F3C755-399E-4350-874F-8DB65AD9129B}.AppStore|x64.Deploy.0 = Release|x64
		{97F3C755-399E-4350-874F-8DB65AD9129B}.AppStore|x86.ActiveCfg = Release|x86
		{97F3C755-399E-4350-874F-8DB65AD9129B}.AppStore|x86.Build.0 = Release|x86
		{97F3C755-399E-4350-874F-8DB65AD9129B}.AppStore|x86.Deploy.0 = Release|x86
		{97F3C755-399E-4350-874F-8DB65AD9129B}.Debug|Any CPU.ActiveCfg = Debug|x86
		{97F3C755-399E-4350-874F-8DB65AD9129B}.Debug|ARM.ActiveCfg = Debug|ARM
		{97F3C755-399E-4350-874F-8DB65AD9129B}.Debug|ARM.Build.0 = Debug|ARM
		{97F3C755-399E-4350-874F-8DB65AD9129B}.Debug|ARM.Deploy.0 = Debug|ARM
		{97F3C755-399E-4350-874F-8DB65AD9129B}.Debug|iPhone.ActiveCfg = Debug|x86
		{97F3C755-399E-4350-874F-8DB65AD9129B}.Debug|iPhoneSimulator.ActiveCfg = Debug|x86
		{97F3C755-399E-4350-874F-8DB65AD9129B}.Debug|x64.ActiveCfg = Debug|x64
		{97F3C755-399E-4350-874F-8DB65AD9129B}.Debug|x64.Build.0 = Debug|x64
		{97F3C755-399E-4350-874F-8DB65AD9129B}.Debug|x64.Deploy.0 = Debug|x64
		{97F3C755-399E-4350-874F-8DB65AD9129B}.Debug|x86.ActiveCfg = Debug|x86
		{97F3C755-399E-4350-874F-8DB65AD9129B}.Debug|x86.Build.0 = Debug|x86
		{97F3C755-399E-4350-874F-8DB65AD9129B}.Debug|x86.Deploy.0 = Debug|x86
		{97F3C755-399E-4350-874F-8DB65AD9129B}.Release|Any CPU.ActiveCfg = Release|x86
		{97F3C755-399E-4350-874F-8DB65AD9129B}.Release|ARM.ActiveCfg = Release|ARM
		{97F3C755-399E-4350-874F-8DB65AD9129B}.Release|ARM.Build.0 = Release|ARM
		{97F3C755-399E-4350-874F-8DB65AD9129B}.Release|ARM.Deploy.0 = Release|ARM
		{97F3C755-399E-4350-874F-8DB65AD9129B}.Release|iPhone.ActiveCfg = Release|x86
		{97F3C755-399E-4350-874F-8DB65AD9129B}.Release|iPhoneSimulator.ActiveCfg = Release|x86
		{97F3C755-399E-4350-874F-8DB65AD9129B}.Release|x64.ActiveCfg = Release|x64
		{97F3C755-399E-4350-874F-8DB65AD9129B}.Release|x64.Build.0 = Release|x64
		{97F3C755-399E-4350-874F-8DB65AD9129B}.Release|x64.Deploy.0 = Release|x64
		{97F3C755-399E-4350-874F-8DB65AD9129B}.Release|x86.ActiveCfg = Release|x86
		{97F3C755-399E-4350-874F-8DB65AD9129B}.Release|x86.Build.0 = Release|x86
		{97F3C755-399E-4350-874F-8DB65AD9129B}.Release|x86.Deploy.0 = Release|x86
		{5BC4C9C6-5B3F-4AE6-B9EF-34C5372A0881}.Ad-Hoc|Any CPU.ActiveCfg = Ad-Hoc|iPhone
		{5BC4C9C6-5B3F-4AE6-B9EF-34C5372A0881}.Ad-Hoc|ARM.ActiveCfg = Ad-Hoc|iPhone
		{5BC4C9C6-5B3F-4AE6-B9EF-34C5372A0881}.Ad-Hoc|iPhone.ActiveCfg = Ad-Hoc|iPhone
		{5BC4C9C6-5B3F-4AE6-B9EF-34C5372A0881}.Ad-Hoc|iPhone.Build.0 = Ad-Hoc|iPhone
		{5BC4C9C6-5B3F-4AE6-B9EF-34C5372A0881}.Ad-Hoc|iPhoneSimulator.ActiveCfg = Ad-Hoc|iPhoneSimulator
		{5BC4C9C6-5B3F-4AE6-B9EF-34C5372A0881}.Ad-Hoc|iPhoneSimulator.Build.0 = Ad-Hoc|iPhoneSimulator
		{5BC4C9C6-5B3F-4AE6-B9EF-34C5372A0881}.Ad-Hoc|x64.ActiveCfg = Ad-Hoc|iPhone
		{5BC4C9C6-5B3F-4AE6-B9EF-34C5372A0881}.Ad-Hoc|x86.ActiveCfg = Ad-Hoc|iPhone
		{5BC4C9C6-5B3F-4AE6-B9EF-34C5372A0881}.AppStore|Any CPU.ActiveCfg = AppStore|iPhone
		{5BC4C9C6-5B3F-4AE6-B9EF-34C5372A0881}.AppStore|ARM.ActiveCfg = AppStore|iPhone
		{5BC4C9C6-5B3F-4AE6-B9EF-34C5372A0881}.AppStore|iPhone.ActiveCfg = AppStore|iPhone
		{5BC4C9C6-5B3F-4AE6-B9EF-34C5372A0881}.AppStore|iPhone.Build.0 = AppStore|iPhone
		{5BC4C9C6-5B3F-4AE6-B9EF-34C5372A0881}.AppStore|iPhoneSimulator.ActiveCfg = AppStore|iPhoneSimulator
		{5BC4C9C6-5B3F-4AE6-B9EF-34C5372A0881}.AppStore|iPhoneSimulator.Build.0 = AppStore|iPhoneSimulator
		{5BC4C9C6-5B3F-4AE6-B9EF-34C5372A0881}.AppStore|x64.ActiveCfg = AppStore|iPhone
		{5BC4C9C6-5B3F-4AE6-B9EF-34C5372A0881}.AppStore|x86.ActiveCfg = AppStore|iPhone
		{5BC4C9C6-5B3F-4AE6-B9EF-34C5372A0881}.Debug|Any CPU.ActiveCfg = Debug|iPhone
		{5BC4C9C6-5B3F-4AE6-B9EF-34C5372A0881}.Debug|ARM.ActiveCfg = Debug|iPhone
		{5BC4C9C6-5B3F-4AE6-B9EF-34C5372A0881}.Debug|iPhone.ActiveCfg = Debug|iPhone
		{5BC4C9C6-5B3F-4AE6-B9EF-34C5372A0881}.Debug|iPhone.Build.0 = Debug|iPhone
		{5BC4C9C6-5B3F-4AE6-B9EF-34C5372A0881}.Debug|iPhoneSimulator.ActiveCfg = Debug|iPhoneSimulator
		{5BC4C9C6-5B3F-4AE6-B9EF-34C5372A0881}.Debug|iPhoneSimulator.Build.0 = Debug|iPhoneSimulator
		{5BC4C9C6-5B3F-4AE6-B9EF-34C5372A0881}.Debug|x64.ActiveCfg = Debug|iPhone
		{5BC4C9C6-5B3F-4AE6-B9EF-34C5372A0881}.Debug|x86.ActiveCfg = Debug|iPhone
		{5BC4C9C6-5B3F-4AE6-B9EF-34C5372A0881}.Release|Any CPU.ActiveCfg = Release|iPhone
		{5BC4C9C6-5B3F-4AE6-B9EF-34C5372A0881}.Release|ARM.ActiveCfg = Release|iPhone
		{5BC4C9C6-5B3F-4AE6-B9EF-34C5372A0881}.Release|iPhone.ActiveCfg = Release|iPhone
		{5BC4C9C6-5B3F-4AE6-B9EF-34C5372A0881}.Release|iPhone.Build.0 = Release|iPhone
		{5BC4C9C6-5B3F-4AE6-B9EF-34C5372A0881}.Release|iPhoneSimulator.ActiveCfg = Release|iPhoneSimulator
		{5BC4C9C6-5B3F-4AE6-B9EF-34C5372A0881}.Release|iPhoneSimulator.Build.0 = Release|iPhoneSimulator
		{5BC4C9C6-5B3F-4AE6-B9EF-34C5372A0881}.Release|x64.ActiveCfg = Release|iPhone
		{5BC4C9C6-5B3F-4AE6-B9EF-34C5372A0881}.Release|x86.ActiveCfg = Release|iPhone
	EndGlobalSection
	GlobalSection(SolutionProperties) = preSolution
		HideSolutionNode = FALSE
	EndGlobalSection
	GlobalSection(ExtensibilityGlobals) = postSolution
		SolutionGuid = {4393A4E4-8444-473D-B218-C2D91F9637BE}
	EndGlobalSection
EndGlobal
